{
  "pins" : [
    {
      "identity" : "async-extensions",
      "kind" : "remoteSourceControl",
      "location" : "https://github.com/shareup/async-extensions.git",
      "state" : {
        "revision" : "ad85ed58fbd2927beb75beaca79158eca80af5e3",
        "version" : "2.1.0"
      }
    },
    {
      "identity" : "dispatch-timer",
      "kind" : "remoteSourceControl",
      "location" : "https://github.com/shareup/dispatch-timer.git",
      "state" : {
        "revision" : "7c233b28f54d3797a6e66d54aa342f1cfc05d8db",
        "version" : "3.0.0"
      }
    },
    {
      "identity" : "swift-atomics",
      "kind" : "remoteSourceControl",
      "location" : "https://github.com/apple/swift-atomics.git",
      "state" : {
        "revision" : "919eb1d83e02121cdb434c7bfc1f0c66ef17febe",
        "version" : "1.0.2"
      }
    },
    {
      "identity" : "swift-collections",
      "kind" : "remoteSourceControl",
      "location" : "https://github.com/apple/swift-collections.git",
      "state" : {
        "revision" : "f504716c27d2e5d4144fa4794b12129301d17729",
        "version" : "1.0.3"
      }
    },
    {
      "identity" : "swift-nio",
      "kind" : "remoteSourceControl",
      "location" : "https://github.com/apple/swift-nio.git",
      "state" : {
        "revision" : "a16e2f54a25b2af217044e5168997009a505930f",
        "version" : "2.42.0"
      }
    },
    {
      "identity" : "swift-nio-ssl",
      "kind" : "remoteSourceControl",
      "location" : "https://github.com/apple/swift-nio-ssl.git",
      "state" : {
        "revision" : "ba7c0d7f82affc518147ea61d240330bf7f7ea9b",
        "version" : "2.22.1"
      }
    },
    {
      "identity" : "swift-nio-transport-services",
      "kind" : "remoteSourceControl",
      "location" : "https://github.com/apple/swift-nio-transport-services.git",
      "state" : {
        "revision" : "b6e37a0d442745760d6ed0195d8f283d3ce0414a",
        "version" : "1.14.1"
      }
    },
    {
      "identity" : "synchronized",
      "kind" : "remoteSourceControl",
      "location" : "https://github.com/shareup/synchronized.git",
      "state" : {
        "revision" : "3a07451bbd0933933804c7d9a92ef2fa57b6766f",
        "version" : "4.0.0"
      }
    },
    {
      "identity" : "websocket-kit",
      "kind" : "remoteSourceControl",
      "location" : "https://github.com/vapor/websocket-kit.git",
      "state" : {
        "revision" : "2d9d2188a08eef4a869d368daab21b3c08510991",
        "version" : "2.6.1"
      }
    }
  ],
  "version" : 2
}
